
Microsoft Visual Studio Solution File, Format Version 12.00
# Visual Studio Version 16
VisualStudioVersion = 16.0.30011.22
MinimumVisualStudioVersion = 10.0.40219.1
Project("{9A19103F-16F7-4668-BE54-9A1E7A4F7556}") = "gestao-pessoal", "gestao-pessoal\gestao-pessoal.csproj", "{C2A59002-1543-4239-A3FE-1DF983586454}"
EndProject
Global
	GlobalSection(SolutionConfigurationPlatforms) = preSolution
		Debug|Any CPU = Debug|Any CPU
		Release|Any CPU = Release|Any CPU
	EndGlobalSection
	GlobalSection(ProjectConfigurationPlatforms) = postSolution
		{C2A59002-1543-4239-A3FE-1DF983586454}.Debug|Any CPU.ActiveCfg = Debug|Any CPU
		{C2A59002-1543-4239-A3FE-1DF983586454}.Debug|Any CPU.Build.0 = Debug|Any CPU
		{C2A59002-1543-4239-A3FE-1DF983586454}.Release|Any CPU.ActiveCfg = Release|Any CPU
		{C2A59002-1543-4239-A3FE-1DF983586454}.Release|Any CPU.Build.0 = Release|Any CPU
	EndGlobalSection
	GlobalSection(SolutionProperties) = preSolution
		HideSolutionNode = FALSE
	EndGlobalSection
	GlobalSection(ExtensibilityGlobals) = postSolution
		SolutionGuid = {6C7A4BFF-4AFA-4EF8-9738-E846D8AF6285}
	EndGlobalSection
EndGlobal
